{
  "name": "github-contributor-extension",
  "version": "1.0.0",
  "lockfileVersion": 1,
  "requires": true,
  "dependencies": {
    "webext-content-script-ping": {
      "version": "2.0.1",
      "resolved": "https://registry.npmjs.org/webext-content-script-ping/-/webext-content-script-ping-2.0.1.tgz",
      "integrity": "sha512-37oaeT0GwwkIC8JUD5aToOr0ncdoml/kjZdsn5ckyKyZqpNQHYxhP3NhnqsSx25LpxGfJm8er/IPv9pzCLcfUA=="
    },
    "webext-domain-permission-toggle": {
      "version": "0.0.2",
      "resolved": "https://registry.npmjs.org/webext-domain-permission-toggle/-/webext-domain-permission-toggle-0.0.2.tgz",
      "integrity": "sha512-obPAEocq/5uw0jaKc1N2bwux/HXDaYz9/8ltvxTRqr0iR6JaTh6/h56FL9uoAZYXcXxjFyE+PRrJicoQrJ8T6g=="
    },
    "webext-dynamic-content-scripts": {
      "version": "5.0.1",
      "resolved": "https://registry.npmjs.org/webext-dynamic-content-scripts/-/webext-dynamic-content-scripts-5.0.1.tgz",
      "integrity": "sha512-R0TPOV9B5hDnSlOTaxxEkuX3L8rm+8KQSWpdxAqE+yYv/YqaDXip+8M39v00jXGTkpz36YdAnGjRdnzHw7taOw==",
      "requires": {
        "webext-content-script-ping": "2.0.1"
      }
    }
  }
}
